
Microsoft Visual Studio Solution File, Format Version 12.00
# Visual Studio Version 17
VisualStudioVersion = 17.14.36401.2
MinimumVisualStudioVersion = 10.0.40219.1
Project("{FAE04EC0-301F-11D3-BF4B-00C04F79EFBC}") = "BlazorApp1", "BlazorApp1\BlazorApp1.csproj", "{C6C090CA-18E4-4510-A5E7-E68A601619D1}"
EndProject
Global
	GlobalSection(SolutionConfigurationPlatforms) = preSolution
		Debug|Any CPU = Debug|Any CPU
		Release|Any CPU = Release|Any CPU
	EndGlobalSection
	GlobalSection(ProjectConfigurationPlatforms) = postSolution
		{C6C090CA-18E4-4510-A5E7-E68A601619D1}.Debug|Any CPU.ActiveCfg = Debug|Any CPU
		{C6C090CA-18E4-4510-A5E7-E68A601619D1}.Debug|Any CPU.Build.0 = Debug|Any CPU
		{C6C090CA-18E4-4510-A5E7-E68A601619D1}.Release|Any CPU.ActiveCfg = Release|Any CPU
		{C6C090CA-18E4-4510-A5E7-E68A601619D1}.Release|Any CPU.Build.0 = Release|Any CPU
	EndGlobalSection
	GlobalSection(SolutionProperties) = preSolution
		HideSolutionNode = FALSE
	EndGlobalSection
	GlobalSection(ExtensibilityGlobals) = postSolution
		SolutionGuid = {F1365816-EC2C-4A37-8461-ACA9C9B1535C}
	EndGlobalSection
EndGlobal
